// !$*UTF8*$!
{
	archiveVersion = 1;
	classes = {
	};
	objectVersion = 46;
	objects = {

/* Begin PBXBuildFile section */
		CE07CEDD1B3BE809008C8626 /* Ranking.xcdatamodeld in Sources */ = {isa = PBXBuildFile; fileRef = CE07CEDB1B3BE809008C8626 /* Ranking.xcdatamodeld */; };
		CE07CEE01B3BE89B008C8626 /* Ranking.m in Sources */ = {isa = PBXBuildFile; fileRef = CE07CEDF1B3BE89B008C8626 /* Ranking.m */; };
		CE129DE01B1443FC00D64E0C /* UserVocabs.xcdatamodeld in Sources */ = {isa = PBXBuildFile; fileRef = CE129DDE1B1443FC00D64E0C /* UserVocabs.xcdatamodeld */; };
		CE129DE31B14480300D64E0C /* UserCardListViewController.m in Sources */ = {isa = PBXBuildFile; fileRef = CE129DE21B14480300D64E0C /* UserCardListViewController.m */; };
		CE6DB6A61B0C52BD0057D314 /* GameKit.framework in Frameworks */ = {isa = PBXBuildFile; fileRef = CE6DB6A51B0C52BD0057D314 /* GameKit.framework */; };
		CE8977B81B09CC8900671781 /* correctBuzzer.mp3 in Resources */ = {isa = PBXBuildFile; fileRef = CE8977B71B09CC8900671781 /* correctBuzzer.mp3 */; };
		CE8977BA1B09CC9800671781 /* wrongBuzzer.mp3 in Resources */ = {isa = PBXBuildFile; fileRef = CE8977B91B09CC9800671781 /* wrongBuzzer.mp3 */; };
		CE8977BC1B09D2B300671781 /* AVFoundation.framework in Frameworks */ = {isa = PBXBuildFile; fileRef = CE8977BB1B09D2B300671781 /* AVFoundation.framework */; };
		CE8C81421B2F9BD8004B6DE2 /* iAd.framework in Frameworks */ = {isa = PBXBuildFile; fileRef = CE8C81411B2F9BD8004B6DE2 /* iAd.framework */; };
		CEA802071B03353A00D90A4B /* WordList2.plist in Resources */ = {isa = PBXBuildFile; fileRef = CEA802061B03353A00D90A4B /* WordList2.plist */; };
		CEC1D9701AF9DBE800E844AA /* WordList.plist in Resources */ = {isa = PBXBuildFile; fileRef = CEC1D96F1AF9DBE800E844AA /* WordList.plist */; };
		CEC878E91B17002E00C5A8DC /* RegisterViewController.m in Sources */ = {isa = PBXBuildFile; fileRef = CEC878E81B17002E00C5A8DC /* RegisterViewController.m */; };
		CECC81861B3BCA2D00A410BD /* RankingViewController.m in Sources */ = {isa = PBXBuildFile; fileRef = CECC81851B3BCA2D00A410BD /* RankingViewController.m */; };
		CECE83671AF735C000961FAD /* main.m in Sources */ = {isa = PBXBuildFile; fileRef = CECE83661AF735C000961FAD /* main.m */; };
		CECE836A1AF735C000961FAD /* AppDelegate.m in Sources */ = {isa = PBXBuildFile; fileRef = CECE83691AF735C000961FAD /* AppDelegate.m */; };
		CECE836D1AF735C000961FAD /* MainViewController.m in Sources */ = {isa = PBXBuildFile; fileRef = CECE836C1AF735C000961FAD /* MainViewController.m */; };
		CECE83701AF735C000961FAD /* Main.storyboard in Resources */ = {isa = PBXBuildFile; fileRef = CECE836E1AF735C000961FAD /* Main.storyboard */; };
		CECE83721AF735C000961FAD /* Images.xcassets in Resources */ = {isa = PBXBuildFile; fileRef = CECE83711AF735C000961FAD /* Images.xcassets */; };
		CECE83751AF735C000961FAD /* LaunchScreen.xib in Resources */ = {isa = PBXBuildFile; fileRef = CECE83731AF735C000961FAD /* LaunchScreen.xib */; };
		CECE83811AF735C000961FAD /* SynonymsAppTests.m in Sources */ = {isa = PBXBuildFile; fileRef = CECE83801AF735C000961FAD /* SynonymsAppTests.m */; };
		CECE838C1AF736FB00961FAD /* OptionViewController.m in Sources */ = {isa = PBXBuildFile; fileRef = CECE838B1AF736FB00961FAD /* OptionViewController.m */; };
		CECE838F1AF7373800961FAD /* GameViewController.m in Sources */ = {isa = PBXBuildFile; fileRef = CECE838E1AF7373800961FAD /* GameViewController.m */; };
		CECE83921AF7377100961FAD /* CardListViewController.m in Sources */ = {isa = PBXBuildFile; fileRef = CECE83911AF7377100961FAD /* CardListViewController.m */; };
		CEF0606A1B1DEF0A00D6093A /* UserWords.m in Sources */ = {isa = PBXBuildFile; fileRef = CEF060691B1DEF0A00D6093A /* UserWords.m */; };
/* End PBXBuildFile section */

/* Begin PBXContainerItemProxy section */
		CECE837B1AF735C000961FAD /* PBXContainerItemProxy */ = {
			isa = PBXContainerItemProxy;
			containerPortal = CECE83591AF735C000961FAD /* Project object */;
			proxyType = 1;
			remoteGlobalIDString = CECE83601AF735C000961FAD;
			remoteInfo = SynonymsApp;
		};
/* End PBXContainerItemProxy section */

/* Begin PBXFileReference section */
		CE07CEDC1B3BE809008C8626 /* Ranking.xcdatamodel */ = {isa = PBXFileReference; lastKnownFileType = wrapper.xcdatamodel; path = Ranking.xcdatamodel; sourceTree = "<group>"; };
		CE07CEDE1B3BE89B008C8626 /* Ranking.h */ = {isa = PBXFileReference; fileEncoding = 4; lastKnownFileType = sourcecode.c.h; path = Ranking.h; sourceTree = "<group>"; };
		CE07CEDF1B3BE89B008C8626 /* Ranking.m */ = {isa = PBXFileReference; fileEncoding = 4; lastKnownFileType = sourcecode.c.objc; path = Ranking.m; sourceTree = "<group>"; };
		CE129DDF1B1443FC00D64E0C /* UserVocabs.xcdatamodel */ = {isa = PBXFileReference; lastKnownFileType = wrapper.xcdatamodel; path = UserVocabs.xcdatamodel; sourceTree = "<group>"; };
		CE129DE11B14480300D64E0C /* UserCardListViewController.h */ = {isa = PBXFileReference; fileEncoding = 4; lastKnownFileType = sourcecode.c.h; path = UserCardListViewController.h; sourceTree = "<group>"; };
		CE129DE21B14480300D64E0C /* UserCardListViewController.m */ = {isa = PBXFileReference; fileEncoding = 4; lastKnownFileType = sourcecode.c.objc; path = UserCardListViewController.m; sourceTree = "<group>"; };
		CE6DB6A51B0C52BD0057D314 /* GameKit.framework */ = {isa = PBXFileReference; lastKnownFileType = wrapper.framework; name = GameKit.framework; path = System/Library/Frameworks/GameKit.framework; sourceTree = SDKROOT; };
		CE89779E1B09C80B00671781 /* AudioToolbox.framework */ = {isa = PBXFileReference; lastKnownFileType = wrapper.framework; name = AudioToolbox.framework; path = System/Library/Frameworks/AudioToolbox.framework; sourceTree = SDKROOT; };
		CE8977B71B09CC8900671781 /* correctBuzzer.mp3 */ = {isa = PBXFileReference; lastKnownFileType = audio.mp3; path = correctBuzzer.mp3; sourceTree = "<group>"; };
		CE8977B91B09CC9800671781 /* wrongBuzzer.mp3 */ = {isa = PBXFileReference; lastKnownFileType = audio.mp3; path = wrongBuzzer.mp3; sourceTree = "<group>"; };
		CE8977BB1B09D2B300671781 /* AVFoundation.framework */ = {isa = PBXFileReference; lastKnownFileType = wrapper.framework; name = AVFoundation.framework; path = System/Library/Frameworks/AVFoundation.framework; sourceTree = SDKROOT; };
		CE8C81411B2F9BD8004B6DE2 /* iAd.framework */ = {isa = PBXFileReference; lastKnownFileType = wrapper.framework; name = iAd.framework; path = System/Library/Frameworks/iAd.framework; sourceTree = SDKROOT; };
		CEA802061B03353A00D90A4B /* WordList2.plist */ = {isa = PBXFileReference; fileEncoding = 4; lastKnownFileType = text.plist.xml; path = WordList2.plist; sourceTree = "<group>"; };
		CEC1D96F1AF9DBE800E844AA /* WordList.plist */ = {isa = PBXFileReference; fileEncoding = 4; lastKnownFileType = text.plist.xml; path = WordList.plist; sourceTree = "<group>"; };
		CEC878E71B17002E00C5A8DC /* RegisterViewController.h */ = {isa = PBXFileReference; fileEncoding = 4; lastKnownFileType = sourcecode.c.h; path = RegisterViewController.h; sourceTree = "<group>"; };
		CEC878E81B17002E00C5A8DC /* RegisterViewController.m */ = {isa = PBXFileReference; fileEncoding = 4; lastKnownFileType = sourcecode.c.objc; path = RegisterViewController.m; sourceTree = "<group>"; };
		CECC81841B3BCA2D00A410BD /* RankingViewController.h */ = {isa = PBXFileReference; fileEncoding = 4; lastKnownFileType = sourcecode.c.h; path = RankingViewController.h; sourceTree = "<group>"; };
		CECC81851B3BCA2D00A410BD /* RankingViewController.m */ = {isa = PBXFileReference; fileEncoding = 4; lastKnownFileType = sourcecode.c.objc; path = RankingViewController.m; sourceTree = "<group>"; };
		CECE83611AF735C000961FAD /* SynonymsApp.app */ = {isa = PBXFileReference; explicitFileType = wrapper.application; includeInIndex = 0; path = SynonymsApp.app; sourceTree = BUILT_PRODUCTS_DIR; };
		CECE83651AF735C000961FAD /* Info.plist */ = {isa = PBXFileReference; lastKnownFileType = text.plist.xml; path = Info.plist; sourceTree = "<group>"; };
		CECE83661AF735C000961FAD /* main.m */ = {isa = PBXFileReference; lastKnownFileType = sourcecode.c.objc; path = main.m; sourceTree = "<group>"; };
		CECE83681AF735C000961FAD /* AppDelegate.h */ = {isa = PBXFileReference; lastKnownFileType = sourcecode.c.h; path = AppDelegate.h; sourceTree = "<group>"; };
		CECE83691AF735C000961FAD /* AppDelegate.m */ = {isa = PBXFileReference; lastKnownFileType = sourcecode.c.objc; path = AppDelegate.m; sourceTree = "<group>"; };
		CECE836B1AF735C000961FAD /* MainViewController.h */ = {isa = PBXFileReference; lastKnownFileType = sourcecode.c.h; path = MainViewController.h; sourceTree = "<group>"; };
		CECE836C1AF735C000961FAD /* MainViewController.m */ = {isa = PBXFileReference; lastKnownFileType = sourcecode.c.objc; path = MainViewController.m; sourceTree = "<group>"; };
		CECE836F1AF735C000961FAD /* Base */ = {isa = PBXFileReference; lastKnownFileType = file.storyboard; name = Base; path = Base.lproj/Main.storyboard; sourceTree = "<group>"; };
		CECE83711AF735C000961FAD /* Images.xcassets */ = {isa = PBXFileReference; lastKnownFileType = folder.assetcatalog; path = Images.xcassets; sourceTree = "<group>"; };
		CECE83741AF735C000961FAD /* Base */ = {isa = PBXFileReference; lastKnownFileType = file.xib; name = Base; path = Base.lproj/LaunchScreen.xib; sourceTree = "<group>"; };
		CECE837A1AF735C000961FAD /* SynonymsAppTests.xctest */ = {isa = PBXFileReference; explicitFileType = wrapper.cfbundle; includeInIndex = 0; path = SynonymsAppTests.xctest; sourceTree = BUILT_PRODUCTS_DIR; };
		CECE837F1AF735C000961FAD /* Info.plist */ = {isa = PBXFileReference; lastKnownFileType = text.plist.xml; path = Info.plist; sourceTree = "<group>"; };
		CECE83801AF735C000961FAD /* SynonymsAppTests.m */ = {isa = PBXFileReference; lastKnownFileType = sourcecode.c.objc; path = SynonymsAppTests.m; sourceTree = "<group>"; };
		CECE838A1AF736FB00961FAD /* OptionViewController.h */ = {isa = PBXFileReference; fileEncoding = 4; lastKnownFileType = sourcecode.c.h; path = OptionViewController.h; sourceTree = "<group>"; };
		CECE838B1AF736FB00961FAD /* OptionViewController.m */ = {isa = PBXFileReference; fileEncoding = 4; lastKnownFileType = sourcecode.c.objc; path = OptionViewController.m; sourceTree = "<group>"; };
		CECE838D1AF7373800961FAD /* GameViewController.h */ = {isa = PBXFileReference; explicitFileType = sourcecode.c.objc; fileEncoding = 4; path = GameViewController.h; sourceTree = "<group>"; };
		CECE838E1AF7373800961FAD /* GameViewController.m */ = {isa = PBXFileReference; fileEncoding = 4; lastKnownFileType = sourcecode.c.objc; path = GameViewController.m; sourceTree = "<group>"; };
		CECE83901AF7377100961FAD /* CardListViewController.h */ = {isa = PBXFileReference; fileEncoding = 4; lastKnownFileType = sourcecode.c.h; path = CardListViewController.h; sourceTree = "<group>"; };
		CECE83911AF7377100961FAD /* CardListViewController.m */ = {isa = PBXFileReference; fileEncoding = 4; lastKnownFileType = sourcecode.c.objc; path = CardListViewController.m; sourceTree = "<group>"; };
		CEF060681B1DEF0A00D6093A /* UserWords.h */ = {isa = PBXFileReference; fileEncoding = 4; lastKnownFileType = sourcecode.c.h; path = UserWords.h; sourceTree = "<group>"; };
		CEF060691B1DEF0A00D6093A /* UserWords.m */ = {isa = PBXFileReference; fileEncoding = 4; lastKnownFileType = sourcecode.c.objc; path = UserWords.m; sourceTree = "<group>"; };
/* End PBXFileReference section */

/* Begin PBXFrameworksBuildPhase section */
		CECE835E1AF735C000961FAD /* Frameworks */ = {
			isa = PBXFrameworksBuildPhase;
			buildActionMask = 2147483647;
			files = (
				CE8C81421B2F9BD8004B6DE2 /* iAd.framework in Frameworks */,
				CE6DB6A61B0C52BD0057D314 /* GameKit.framework in Frameworks */,
				CE8977BC1B09D2B300671781 /* AVFoundation.framework in Frameworks */,
			);
			runOnlyForDeploymentPostprocessing = 0;
		};
		CECE83771AF735C000961FAD /* Frameworks */ = {
			isa = PBXFrameworksBuildPhase;
			buildActionMask = 2147483647;
			files = (
			);
			runOnlyForDeploymentPostprocessing = 0;
		};
/* End PBXFrameworksBuildPhase section */

/* Begin PBXGroup section */
		CE8977A01B09C8C000671781 /* Sounds */ = {
			isa = PBXGroup;
			children = (
				CE8977B71B09CC8900671781 /* correctBuzzer.mp3 */,
				CE8977B91B09CC9800671781 /* wrongBuzzer.mp3 */,
			);
			name = Sounds;
			sourceTree = "<group>";
		};
		CECE83581AF735C000961FAD = {
			isa = PBXGroup;
			children = (
				CE8C81411B2F9BD8004B6DE2 /* iAd.framework */,
				CE6DB6A51B0C52BD0057D314 /* GameKit.framework */,
				CE8977BB1B09D2B300671781 /* AVFoundation.framework */,
				CE89779E1B09C80B00671781 /* AudioToolbox.framework */,
				CECE83631AF735C000961FAD /* SynonymsApp */,
				CECE837D1AF735C000961FAD /* SynonymsAppTests */,
				CECE83621AF735C000961FAD /* Products */,
			);
			sourceTree = "<group>";
		};
		CECE83621AF735C000961FAD /* Products */ = {
			isa = PBXGroup;
			children = (
				CECE83611AF735C000961FAD /* SynonymsApp.app */,
				CECE837A1AF735C000961FAD /* SynonymsAppTests.xctest */,
			);
			name = Products;
			sourceTree = "<group>";
		};
		CECE83631AF735C000961FAD /* SynonymsApp */ = {
			isa = PBXGroup;
			children = (
				CECE83681AF735C000961FAD /* AppDelegate.h */,
				CECE83691AF735C000961FAD /* AppDelegate.m */,
				CECE836B1AF735C000961FAD /* MainViewController.h */,
				CECE836C1AF735C000961FAD /* MainViewController.m */,
				CECE838D1AF7373800961FAD /* GameViewController.h */,
				CECE838E1AF7373800961FAD /* GameViewController.m */,
				CECE838A1AF736FB00961FAD /* OptionViewController.h */,
				CECE838B1AF736FB00961FAD /* OptionViewController.m */,
				CECE83901AF7377100961FAD /* CardListViewController.h */,
				CECE83911AF7377100961FAD /* CardListViewController.m */,
				CE129DE11B14480300D64E0C /* UserCardListViewController.h */,
				CE129DE21B14480300D64E0C /* UserCardListViewController.m */,
				CECC81841B3BCA2D00A410BD /* RankingViewController.h */,
				CECC81851B3BCA2D00A410BD /* RankingViewController.m */,
				CEC878E71B17002E00C5A8DC /* RegisterViewController.h */,
				CEC878E81B17002E00C5A8DC /* RegisterViewController.m */,
				CEF060681B1DEF0A00D6093A /* UserWords.h */,
				CEF060691B1DEF0A00D6093A /* UserWords.m */,
				CE07CEDE1B3BE89B008C8626 /* Ranking.h */,
				CE07CEDF1B3BE89B008C8626 /* Ranking.m */,
				CECE836E1AF735C000961FAD /* Main.storyboard */,
				CECE83711AF735C000961FAD /* Images.xcassets */,
				CECE83731AF735C000961FAD /* LaunchScreen.xib */,
				CE129DDE1B1443FC00D64E0C /* UserVocabs.xcdatamodeld */,
				CE07CEDB1B3BE809008C8626 /* Ranking.xcdatamodeld */,
				CECE83641AF735C000961FAD /* Supporting Files */,
			);
			path = SynonymsApp;
			sourceTree = "<group>";
		};
		CECE83641AF735C000961FAD /* Supporting Files */ = {
			isa = PBXGroup;
			children = (
				CE8977A01B09C8C000671781 /* Sounds */,
				CECE83651AF735C000961FAD /* Info.plist */,
				CECE83661AF735C000961FAD /* main.m */,
				CEC1D96F1AF9DBE800E844AA /* WordList.plist */,
				CEA802061B03353A00D90A4B /* WordList2.plist */,
			);
			name = "Supporting Files";
			sourceTree = "<group>";
		};
		CECE837D1AF735C000961FAD /* SynonymsAppTests */ = {
			isa = PBXGroup;
			children = (
				CECE83801AF735C000961FAD /* SynonymsAppTests.m */,
				CECE837E1AF735C000961FAD /* Supporting Files */,
			);
			path = SynonymsAppTests;
			sourceTree = "<group>";
		};
		CECE837E1AF735C000961FAD /* Supporting Files */ = {
			isa = PBXGroup;
			children = (
				CECE837F1AF735C000961FAD /* Info.plist */,
			);
			name = "Supporting Files";
			sourceTree = "<group>";
		};
/* End PBXGroup section */

/* Begin PBXNativeTarget section */
		CECE83601AF735C000961FAD /* SynonymsApp */ = {
			isa = PBXNativeTarget;
			buildConfigurationList = CECE83841AF735C000961FAD /* Build configuration list for PBXNativeTarget "SynonymsApp" */;
			buildPhases = (
				CECE835D1AF735C000961FAD /* Sources */,
				CECE835E1AF735C000961FAD /* Frameworks */,
				CECE835F1AF735C000961FAD /* Resources */,
			);
			buildRules = (
			);
			dependencies = (
			);
			name = SynonymsApp;
			productName = SynonymsApp;
			productReference = CECE83611AF735C000961FAD /* SynonymsApp.app */;
			productType = "com.apple.product-type.application";
		};
		CECE83791AF735C000961FAD /* SynonymsAppTests */ = {
			isa = PBXNativeTarget;
			buildConfigurationList = CECE83871AF735C000961FAD /* Build configuration list for PBXNativeTarget "SynonymsAppTests" */;
			buildPhases = (
				CECE83761AF735C000961FAD /* Sources */,
				CECE83771AF735C000961FAD /* Frameworks */,
				CECE83781AF735C000961FAD /* Resources */,
			);
			buildRules = (
			);
			dependencies = (
				CECE837C1AF735C000961FAD /* PBXTargetDependency */,
			);
			name = SynonymsAppTests;
			productName = SynonymsAppTests;
			productReference = CECE837A1AF735C000961FAD /* SynonymsAppTests.xctest */;
			productType = "com.apple.product-type.bundle.unit-test";
		};
/* End PBXNativeTarget section */

/* Begin PBXProject section */
		CECE83591AF735C000961FAD /* Project object */ = {
			isa = PBXProject;
			attributes = {
				LastUpgradeCheck = 0620;
				ORGANIZATIONNAME = "Takuma Hanaya";
				TargetAttributes = {
					CECE83601AF735C000961FAD = {
						CreatedOnToolsVersion = 6.2;
					};
					CECE83791AF735C000961FAD = {
						CreatedOnToolsVersion = 6.2;
						TestTargetID = CECE83601AF735C000961FAD;
					};
				};
			};
			buildConfigurationList = CECE835C1AF735C000961FAD /* Build configuration list for PBXProject "SynonymsApp" */;
			compatibilityVersion = "Xcode 3.2";
			developmentRegion = English;
			hasScannedForEncodings = 0;
			knownRegions = (
				en,
				Base,
			);
			mainGroup = CECE83581AF735C000961FAD;
			productRefGroup = CECE83621AF735C000961FAD /* Products */;
			projectDirPath = "";
			projectRoot = "";
			targets = (
				CECE83601AF735C000961FAD /* SynonymsApp */,
				CECE83791AF735C000961FAD /* SynonymsAppTests */,
			);
		};
/* End PBXProject section */

/* Begin PBXResourcesBuildPhase section */
		CECE835F1AF735C000961FAD /* Resources */ = {
			isa = PBXResourcesBuildPhase;
			buildActionMask = 2147483647;
			files = (
				CEC1D9701AF9DBE800E844AA /* WordList.plist in Resources */,
				CE8977B81B09CC8900671781 /* correctBuzzer.mp3 in Resources */,
				CEA802071B03353A00D90A4B /* WordList2.plist in Resources */,
				CECE83701AF735C000961FAD /* Main.storyboard in Resources */,
				CECE83751AF735C000961FAD /* LaunchScreen.xib in Resources */,
				CE8977BA1B09CC9800671781 /* wrongBuzzer.mp3 in Resources */,
				CECE83721AF735C000961FAD /* Images.xcassets in Resources */,
			);
			runOnlyForDeploymentPostprocessing = 0;
		};
		CECE83781AF735C000961FAD /* Resources */ = {
			isa = PBXResourcesBuildPhase;
			buildActionMask = 2147483647;
			files = (
			);
			runOnlyForDeploymentPostprocessing = 0;
		};
/* End PBXResourcesBuildPhase section */

/* Begin PBXSourcesBuildPhase section */
		CECE835D1AF735C000961FAD /* Sources */ = {
			isa = PBXSourcesBuildPhase;
			buildActionMask = 2147483647;
			files = (
				CEC878E91B17002E00C5A8DC /* RegisterViewController.m in Sources */,
				CE07CEE01B3BE89B008C8626 /* Ranking.m in Sources */,
				CECE83921AF7377100961FAD /* CardListViewController.m in Sources */,
				CEF0606A1B1DEF0A00D6093A /* UserWords.m in Sources */,
				CECE838F1AF7373800961FAD /* GameViewController.m in Sources */,
				CECE836D1AF735C000961FAD /* MainViewController.m in Sources */,
				CE129DE31B14480300D64E0C /* UserCardListViewController.m in Sources */,
				CECE838C1AF736FB00961FAD /* OptionViewController.m in Sources */,
				CECE836A1AF735C000961FAD /* AppDelegate.m in Sources */,
				CECE83671AF735C000961FAD /* main.m in Sources */,
				CE129DE01B1443FC00D64E0C /* UserVocabs.xcdatamodeld in Sources */,
				CE07CEDD1B3BE809008C8626 /* Ranking.xcdatamodeld in Sources */,
				CECC81861B3BCA2D00A410BD /* RankingViewController.m in Sources */,
			);
			runOnlyForDeploymentPostprocessing = 0;
		};
		CECE83761AF735C000961FAD /* Sources */ = {
			isa = PBXSourcesBuildPhase;
			buildActionMask = 2147483647;
			files = (
				CECE83811AF735C000961FAD /* SynonymsAppTests.m in Sources */,
			);
			runOnlyForDeploymentPostprocessing = 0;
		};
/* End PBXSourcesBuildPhase section */

/* Begin PBXTargetDependency section */
		CECE837C1AF735C000961FAD /* PBXTargetDependency */ = {
			isa = PBXTargetDependency;
			target = CECE83601AF735C000961FAD /* SynonymsApp */;
			targetProxy = CECE837B1AF735C000961FAD /* PBXContainerItemProxy */;
		};
/* End PBXTargetDependency section */

/* Begin PBXVariantGroup section */
		CECE836E1AF735C000961FAD /* Main.storyboard */ = {
			isa = PBXVariantGroup;
			children = (
				CECE836F1AF735C000961FAD /* Base */,
			);
			name = Main.storyboard;
			sourceTree = "<group>";
		};
		CECE83731AF735C000961FAD /* LaunchScreen.xib */ = {
			isa = PBXVariantGroup;
			children = (
				CECE83741AF735C000961FAD /* Base */,
			);
			name = LaunchScreen.xib;
			sourceTree = "<group>";
		};
/* End PBXVariantGroup section */

/* Begin XCBuildConfiguration section */
		CECE83821AF735C000961FAD /* Debug */ = {
			isa = XCBuildConfiguration;
			buildSettings = {
				ALWAYS_SEARCH_USER_PATHS = NO;
				CLANG_CXX_LANGUAGE_STANDARD = "gnu++0x";
				CLANG_CXX_LIBRARY = "libc++";
				CLANG_ENABLE_MODULES = YES;
				CLANG_ENABLE_OBJC_ARC = YES;
				CLANG_WARN_BOOL_CONVERSION = YES;
				CLANG_WARN_CONSTANT_CONVERSION = YES;
				CLANG_WARN_DIRECT_OBJC_ISA_USAGE = YES_ERROR;
				CLANG_WARN_EMPTY_BODY = YES;
				CLANG_WARN_ENUM_CONVERSION = YES;
				CLANG_WARN_INT_CONVERSION = YES;
				CLANG_WARN_OBJC_ROOT_CLASS = YES_ERROR;
				CLANG_WARN_UNREACHABLE_CODE = YES;
				CLANG_WARN__DUPLICATE_METHOD_MATCH = YES;
				"CODE_SIGN_IDENTITY[sdk=iphoneos*]" = "iPhone Developer";
				COPY_PHASE_STRIP = NO;
				ENABLE_STRICT_OBJC_MSGSEND = YES;
				GCC_C_LANGUAGE_STANDARD = gnu99;
				GCC_DYNAMIC_NO_PIC = NO;
				GCC_OPTIMIZATION_LEVEL = 0;
				GCC_PREPROCESSOR_DEFINITIONS = (
					"DEBUG=1",
					"$(inherited)",
				);
				GCC_SYMBOLS_PRIVATE_EXTERN = NO;
				GCC_WARN_64_TO_32_BIT_CONVERSION = YES;
				GCC_WARN_ABOUT_RETURN_TYPE = YES_ERROR;
				GCC_WARN_UNDECLARED_SELECTOR = YES;
				GCC_WARN_UNINITIALIZED_AUTOS = YES_AGGRESSIVE;
				GCC_WARN_UNUSED_FUNCTION = YES;
				GCC_WARN_UNUSED_VARIABLE = YES;
				IPHONEOS_DEPLOYMENT_TARGET = 8.2;
				MTL_ENABLE_DEBUG_INFO = YES;
				ONLY_ACTIVE_ARCH = YES;
				PROVISIONING_PROFILE = "";
				SDKROOT = iphoneos;
			};
			name = Debug;
		};
		CECE83831AF735C000961FAD /* Release */ = {
			isa = XCBuildConfiguration;
			buildSettings = {
				ALWAYS_SEARCH_USER_PATHS = NO;
				CLANG_CXX_LANGUAGE_STANDARD = "gnu++0x";
				CLANG_CXX_LIBRARY = "libc++";
				CLANG_ENABLE_MODULES = YES;
				CLANG_ENABLE_OBJC_ARC = YES;
				CLANG_WARN_BOOL_CONVERSION = YES;
				CLANG_WARN_CONSTANT_CONVERSION = YES;
				CLANG_WARN_DIRECT_OBJC_ISA_USAGE = YES_ERROR;
				CLANG_WARN_EMPTY_BODY = YES;
				CLANG_WARN_ENUM_CONVERSION = YES;
				CLANG_WARN_INT_CONVERSION = YES;
				CLANG_WARN_OBJC_ROOT_CLASS = YES_ERROR;
				CLANG_WARN_UNREACHABLE_CODE = YES;
				CLANG_WARN__DUPLICATE_METHOD_MATCH = YES;
				CODE_SIGN_IDENTITY = "iPhone Distribution: Takuma Hanaya (6L2SKA9542)";
				"CODE_SIGN_IDENTITY[sdk=iphoneos*]" = "iPhone Developer";
				COPY_PHASE_STRIP = NO;
				ENABLE_NS_ASSERTIONS = NO;
				ENABLE_STRICT_OBJC_MSGSEND = YES;
				GCC_C_LANGUAGE_STANDARD = gnu99;
				GCC_WARN_64_TO_32_BIT_CONVERSION = YES;
				GCC_WARN_ABOUT_RETURN_TYPE = YES_ERROR;
				GCC_WARN_UNDECLARED_SELECTOR = YES;
				GCC_WARN_UNINITIALIZED_AUTOS = YES_AGGRESSIVE;
				GCC_WARN_UNUSED_FUNCTION = YES;
				GCC_WARN_UNUSED_VARIABLE = YES;
				IPHONEOS_DEPLOYMENT_TARGET = 8.2;
				MTL_ENABLE_DEBUG_INFO = NO;
				PROVISIONING_PROFILE = "1a5d8242-df15-4cfc-8a4e-6a7293540cbc";
				SDKROOT = iphoneos;
				VALIDATE_PRODUCT = YES;
			};
			name = Release;
		};
		CECE83851AF735C000961FAD /* Debug */ = {
			isa = XCBuildConfiguration;
			buildSettings = {
				ASSETCATALOG_COMPILER_APPICON_NAME = AppIcon;
				CODE_SIGN_IDENTITY = "iPhone Developer: Takuma Hanaya (U4VPGRDMFJ)";
				"CODE_SIGN_IDENTITY[sdk=iphoneos*]" = "iPhone Developer: Takuma Hanaya (U4VPGRDMFJ)";
				INFOPLIST_FILE = SynonymsApp/Info.plist;
				IPHONEOS_DEPLOYMENT_TARGET = 8.1;
				LD_RUNPATH_SEARCH_PATHS = "$(inherited) @executable_path/Frameworks";
				PRODUCT_NAME = "$(TARGET_NAME)";
				PROVISIONING_PROFILE = "1a5d8242-df15-4cfc-8a4e-6a7293540cbc";
			};
			name = Debug;
		};
		CECE83861AF735C000961FAD /* Release */ = {
			isa = XCBuildConfiguration;
			buildSettings = {
				ASSETCATALOG_COMPILER_APPICON_NAME = AppIcon;
				CODE_SIGN_IDENTITY = "iPhone Developer: Takuma Hanaya (U4VPGRDMFJ)";
				"CODE_SIGN_IDENTITY[sdk=iphoneos*]" = "iPhone Developer: Takuma Hanaya (U4VPGRDMFJ)";
				INFOPLIST_FILE = SynonymsApp/Info.plist;
				IPHONEOS_DEPLOYMENT_TARGET = 8.1;
				LD_RUNPATH_SEARCH_PATHS = "$(inherited) @executable_path/Frameworks";
				PRODUCT_NAME = "$(TARGET_NAME)";
				PROVISIONING_PROFILE = "1a5d8242-df15-4cfc-8a4e-6a7293540cbc";
			};
			name = Release;
		};
		CECE83881AF735C000961FAD /* Debug */ = {
			isa = XCBuildConfiguration;
			buildSettings = {
				BUNDLE_LOADER = "$(TEST_HOST)";
				FRAMEWORK_SEARCH_PATHS = (
					"$(SDKROOT)/Developer/Library/Frameworks",
					"$(inherited)",
				);
				GCC_PREPROCESSOR_DEFINITIONS = (
					"DEBUG=1",
					"$(inherited)",
				);
				INFOPLIST_FILE = SynonymsAppTests/Info.plist;
				LD_RUNPATH_SEARCH_PATHS = "$(inherited) @executable_path/Frameworks @loader_path/Frameworks";
				PRODUCT_NAME = "$(TARGET_NAME)";
				TEST_HOST = "$(BUILT_PRODUCTS_DIR)/SynonymsApp.app/SynonymsApp";
			};
			name = Debug;
		};
		CECE83891AF735C000961FAD /* Release */ = {
			isa = XCBuildConfiguration;
			buildSettings = {
				BUNDLE_LOADER = "$(TEST_HOST)";
				FRAMEWORK_SEARCH_PATHS = (
					"$(SDKROOT)/Developer/Library/Frameworks",
					"$(inherited)",
				);
				INFOPLIST_FILE = SynonymsAppTests/Info.plist;
				LD_RUNPATH_SEARCH_PATHS = "$(inherited) @executable_path/Frameworks @loader_path/Frameworks";
				PRODUCT_NAME = "$(TARGET_NAME)";
				TEST_HOST = "$(BUILT_PRODUCTS_DIR)/SynonymsApp.app/SynonymsApp";
			};
			name = Release;
		};
/* End XCBuildConfiguration section */

/* Begin XCConfigurationList section */
		CECE835C1AF735C000961FAD /* Build configuration list for PBXProject "SynonymsApp" */ = {
			isa = XCConfigurationList;
			buildConfigurations = (
				CECE83821AF735C000961FAD /* Debug */,
				CECE83831AF735C000961FAD /* Release */,
			);
			defaultConfigurationIsVisible = 0;
			defaultConfigurationName = Release;
		};
		CECE83841AF735C000961FAD /* Build configuration list for PBXNativeTarget "SynonymsApp" */ = {
			isa = XCConfigurationList;
			buildConfigurations = (
				CECE83851AF735C000961FAD /* Debug */,
				CECE83861AF735C000961FAD /* Release */,
			);
			defaultConfigurationIsVisible = 0;
			defaultConfigurationName = Release;
		};
		CECE83871AF735C000961FAD /* Build configuration list for PBXNativeTarget "SynonymsAppTests" */ = {
			isa = XCConfigurationList;
			buildConfigurations = (
				CECE83881AF735C000961FAD /* Debug */,
				CECE83891AF735C000961FAD /* Release */,
			);
			defaultConfigurationIsVisible = 0;
			defaultConfigurationName = Release;
		};
/* End XCConfigurationList section */

/* Begin XCVersionGroup section */
		CE07CEDB1B3BE809008C8626 /* Ranking.xcdatamodeld */ = {
			isa = XCVersionGroup;
			children = (
				CE07CEDC1B3BE809008C8626 /* Ranking.xcdatamodel */,
			);
			currentVersion = CE07CEDC1B3BE809008C8626 /* Ranking.xcdatamodel */;
			path = Ranking.xcdatamodeld;
			sourceTree = "<group>";
			versionGroupType = wrapper.xcdatamodel;
		};
		CE129DDE1B1443FC00D64E0C /* UserVocabs.xcdatamodeld */ = {
			isa = XCVersionGroup;
			children = (
				CE129DDF1B1443FC00D64E0C /* UserVocabs.xcdatamodel */,
			);
			currentVersion = CE129DDF1B1443FC00D64E0C /* UserVocabs.xcdatamodel */;
			path = UserVocabs.xcdatamodeld;
			sourceTree = "<group>";
			versionGroupType = wrapper.xcdatamodel;
		};
/* End XCVersionGroup section */
	};
	rootObject = CECE83591AF735C000961FAD /* Project object */;
}
